// !$*UTF8*$!
{
	archiveVersion = 1;
	classes = {
	};
	objectVersion = 56;
	objects = {

/* Begin PBXBuildFile section */
		0A3C8A8415640F34548AE1F9 /* Pods_Player.framework in Frameworks */ = {isa = PBXBuildFile; fileRef = 78897D0229C9999839C59676 /* Pods_Player.framework */; };
		1A069A742B2F1B1A00C13160 /* ViewControllerPopUp.swift in Sources */ = {isa = PBXBuildFile; fileRef = 1A069A732B2F1B1A00C13160 /* ViewControllerPopUp.swift */; };
		1A208B8F2B204F82000E45D2 /* SubtitlesTableViewCell.swift in Sources */ = {isa = PBXBuildFile; fileRef = 1A208B8D2B204F82000E45D2 /* SubtitlesTableViewCell.swift */; };
		1A208B902B204F82000E45D2 /* SubtitlesTableViewCell.xib in Resources */ = {isa = PBXBuildFile; fileRef = 1A208B8E2B204F82000E45D2 /* SubtitlesTableViewCell.xib */; };
		1A4D5E592B2723FD00DCCC45 /* ViewController3.swift in Sources */ = {isa = PBXBuildFile; fileRef = 1A924F492B1C5C17003C274D /* ViewController3.swift */; };
		1A5D20DA2B2B087C0035B6B8 /* ViewControllerParseTest.swift in Sources */ = {isa = PBXBuildFile; fileRef = 1A5D20D92B2B087C0035B6B8 /* ViewControllerParseTest.swift */; };
		1A67811A2B1DA3E100B2A9F7 /* ViewControllerTest.swift in Sources */ = {isa = PBXBuildFile; fileRef = 1A6781192B1DA3E100B2A9F7 /* ViewControllerTest.swift */; };
		1A6BB5B42B16F48B00A49CFF /* AppDelegate.swift in Sources */ = {isa = PBXBuildFile; fileRef = 1A6BB5B32B16F48B00A49CFF /* AppDelegate.swift */; };
		1A6BB5B62B16F48B00A49CFF /* SceneDelegate.swift in Sources */ = {isa = PBXBuildFile; fileRef = 1A6BB5B52B16F48B00A49CFF /* SceneDelegate.swift */; };
		1A6BB5B82B16F48B00A49CFF /* ViewController.swift in Sources */ = {isa = PBXBuildFile; fileRef = 1A6BB5B72B16F48B00A49CFF /* ViewController.swift */; };
		1A6BB5BB2B16F48B00A49CFF /* Main.storyboard in Resources */ = {isa = PBXBuildFile; fileRef = 1A6BB5B92B16F48B00A49CFF /* Main.storyboard */; };
		1A6BB5BD2B16F48C00A49CFF /* Assets.xcassets in Resources */ = {isa = PBXBuildFile; fileRef = 1A6BB5BC2B16F48C00A49CFF /* Assets.xcassets */; };
		1A6BB5C02B16F48C00A49CFF /* LaunchScreen.storyboard in Resources */ = {isa = PBXBuildFile; fileRef = 1A6BB5BE2B16F48C00A49CFF /* LaunchScreen.storyboard */; };
		1A726B572B304D6B0038C67E /* BottomSheetSubtitlesTableViewCell.swift in Sources */ = {isa = PBXBuildFile; fileRef = 1A726B552B304D6B0038C67E /* BottomSheetSubtitlesTableViewCell.swift */; };
		1A726B582B304D6B0038C67E /* BottomSheetSubtitlesTableViewCell.xib in Resources */ = {isa = PBXBuildFile; fileRef = 1A726B562B304D6B0038C67E /* BottomSheetSubtitlesTableViewCell.xib */; };
		1A865A382B1F2D59002F066B /* Subtitle.swift in Sources */ = {isa = PBXBuildFile; fileRef = 1A865A372B1F2D59002F066B /* Subtitle.swift */; };
		1A924F482B1C48A9003C274D /* ViewController2.swift in Sources */ = {isa = PBXBuildFile; fileRef = 1A924F472B1C48A9003C274D /* ViewController2.swift */; };
		1AE4B0492B282DCC00F25FBC /* ViewController4.swift in Sources */ = {isa = PBXBuildFile; fileRef = 1AE4B0482B282DCC00F25FBC /* ViewController4.swift */; };
/* End PBXBuildFile section */

/* Begin PBXFileReference section */
		1573006AEC381B78861181B8 /* Pods-Player.debug.xcconfig */ = {isa = PBXFileReference; includeInIndex = 1; lastKnownFileType = text.xcconfig; name = "Pods-Player.debug.xcconfig"; path = "Target Support Files/Pods-Player/Pods-Player.debug.xcconfig"; sourceTree = "<group>"; };
		1A069A732B2F1B1A00C13160 /* ViewControllerPopUp.swift */ = {isa = PBXFileReference; lastKnownFileType = sourcecode.swift; path = ViewControllerPopUp.swift; sourceTree = "<group>"; };
		1A208B8D2B204F82000E45D2 /* SubtitlesTableViewCell.swift */ = {isa = PBXFileReference; lastKnownFileType = sourcecode.swift; path = SubtitlesTableViewCell.swift; sourceTree = "<group>"; };
		1A208B8E2B204F82000E45D2 /* SubtitlesTableViewCell.xib */ = {isa = PBXFileReference; lastKnownFileType = file.xib; path = SubtitlesTableViewCell.xib; sourceTree = "<group>"; };
		1A5D20D92B2B087C0035B6B8 /* ViewControllerParseTest.swift */ = {isa = PBXFileReference; lastKnownFileType = sourcecode.swift; path = ViewControllerParseTest.swift; sourceTree = "<group>"; };
		1A6781192B1DA3E100B2A9F7 /* ViewControllerTest.swift */ = {isa = PBXFileReference; lastKnownFileType = sourcecode.swift; path = ViewControllerTest.swift; sourceTree = "<group>"; };
		1A6BB5B02B16F48B00A49CFF /* Player.app */ = {isa = PBXFileReference; explicitFileType = wrapper.application; includeInIndex = 0; path = Player.app; sourceTree = BUILT_PRODUCTS_DIR; };
		1A6BB5B32B16F48B00A49CFF /* AppDelegate.swift */ = {isa = PBXFileReference; lastKnownFileType = sourcecode.swift; path = AppDelegate.swift; sourceTree = "<group>"; };
		1A6BB5B52B16F48B00A49CFF /* SceneDelegate.swift */ = {isa = PBXFileReference; lastKnownFileType = sourcecode.swift; path = SceneDelegate.swift; sourceTree = "<group>"; };
		1A6BB5B72B16F48B00A49CFF /* ViewController.swift */ = {isa = PBXFileReference; lastKnownFileType = sourcecode.swift; path = ViewController.swift; sourceTree = "<group>"; };
		1A6BB5BA2B16F48B00A49CFF /* Base */ = {isa = PBXFileReference; lastKnownFileType = file.storyboard; name = Base; path = Base.lproj/Main.storyboard; sourceTree = "<group>"; };
		1A6BB5BC2B16F48C00A49CFF /* Assets.xcassets */ = {isa = PBXFileReference; lastKnownFileType = folder.assetcatalog; path = Assets.xcassets; sourceTree = "<group>"; };
		1A6BB5BF2B16F48C00A49CFF /* Base */ = {isa = PBXFileReference; lastKnownFileType = file.storyboard; name = Base; path = Base.lproj/LaunchScreen.storyboard; sourceTree = "<group>"; };
		1A6BB5C12B16F48C00A49CFF /* Info.plist */ = {isa = PBXFileReference; lastKnownFileType = text.plist.xml; path = Info.plist; sourceTree = "<group>"; };
		1A726B552B304D6B0038C67E /* BottomSheetSubtitlesTableViewCell.swift */ = {isa = PBXFileReference; lastKnownFileType = sourcecode.swift; path = BottomSheetSubtitlesTableViewCell.swift; sourceTree = "<group>"; };
		1A726B562B304D6B0038C67E /* BottomSheetSubtitlesTableViewCell.xib */ = {isa = PBXFileReference; lastKnownFileType = file.xib; path = BottomSheetSubtitlesTableViewCell.xib; sourceTree = "<group>"; };
		1A865A372B1F2D59002F066B /* Subtitle.swift */ = {isa = PBXFileReference; lastKnownFileType = sourcecode.swift; path = Subtitle.swift; sourceTree = "<group>"; };
		1A924F472B1C48A9003C274D /* ViewController2.swift */ = {isa = PBXFileReference; lastKnownFileType = sourcecode.swift; path = ViewController2.swift; sourceTree = "<group>"; };
		1A924F492B1C5C17003C274D /* ViewController3.swift */ = {isa = PBXFileReference; lastKnownFileType = sourcecode.swift; path = ViewController3.swift; sourceTree = "<group>"; };
		1AE4B0482B282DCC00F25FBC /* ViewController4.swift */ = {isa = PBXFileReference; lastKnownFileType = sourcecode.swift; path = ViewController4.swift; sourceTree = "<group>"; };
		69DA66D7D6613322ED019D00 /* Pods-Player.release.xcconfig */ = {isa = PBXFileReference; includeInIndex = 1; lastKnownFileType = text.xcconfig; name = "Pods-Player.release.xcconfig"; path = "Target Support Files/Pods-Player/Pods-Player.release.xcconfig"; sourceTree = "<group>"; };
		78897D0229C9999839C59676 /* Pods_Player.framework */ = {isa = PBXFileReference; explicitFileType = wrapper.framework; includeInIndex = 0; path = Pods_Player.framework; sourceTree = BUILT_PRODUCTS_DIR; };
/* End PBXFileReference section */

/* Begin PBXFrameworksBuildPhase section */
		1A6BB5AD2B16F48B00A49CFF /* Frameworks */ = {
			isa = PBXFrameworksBuildPhase;
			buildActionMask = 2147483647;
			files = (
				0A3C8A8415640F34548AE1F9 /* Pods_Player.framework in Frameworks */,
			);
			runOnlyForDeploymentPostprocessing = 0;
		};
/* End PBXFrameworksBuildPhase section */

/* Begin PBXGroup section */
		1A208B8A2B204F20000E45D2 /* Model */ = {
			isa = PBXGroup;
			children = (
				1A865A372B1F2D59002F066B /* Subtitle.swift */,
			);
			path = Model;
			sourceTree = "<group>";
		};
		1A208B8B2B204F2C000E45D2 /* Controller */ = {
			isa = PBXGroup;
			children = (
				1A6BB5B72B16F48B00A49CFF /* ViewController.swift */,
				1A924F472B1C48A9003C274D /* ViewController2.swift */,
				1A924F492B1C5C17003C274D /* ViewController3.swift */,
				1AE4B0482B282DCC00F25FBC /* ViewController4.swift */,
				1A069A732B2F1B1A00C13160 /* ViewControllerPopUp.swift */,
				1A6781192B1DA3E100B2A9F7 /* ViewControllerTest.swift */,
				1A5D20D92B2B087C0035B6B8 /* ViewControllerParseTest.swift */,
			);
			path = Controller;
			sourceTree = "<group>";
		};
		1A208B8C2B204F4C000E45D2 /* View */ = {
			isa = PBXGroup;
			children = (
				1A208B8D2B204F82000E45D2 /* SubtitlesTableViewCell.swift */,
				1A208B8E2B204F82000E45D2 /* SubtitlesTableViewCell.xib */,
				1A726B552B304D6B0038C67E /* BottomSheetSubtitlesTableViewCell.swift */,
				1A726B562B304D6B0038C67E /* BottomSheetSubtitlesTableViewCell.xib */,
			);
			path = View;
			sourceTree = "<group>";
		};
		1A6BB5A72B16F48B00A49CFF = {
			isa = PBXGroup;
			children = (
				1A6BB5B22B16F48B00A49CFF /* Player */,
				1A6BB5B12B16F48B00A49CFF /* Products */,
				DFAD55E8D92D8FF17D47C5D5 /* Pods */,
				9E0A3C7F522690B1F5BAA415 /* Frameworks */,
			);
			sourceTree = "<group>";
		};
		1A6BB5B12B16F48B00A49CFF /* Products */ = {
			isa = PBXGroup;
			children = (
				1A6BB5B02B16F48B00A49CFF /* Player.app */,
			);
			name = Products;
			sourceTree = "<group>";
		};
		1A6BB5B22B16F48B00A49CFF /* Player */ = {
			isa = PBXGroup;
			children = (
				1A6BB5B32B16F48B00A49CFF /* AppDelegate.swift */,
				1A6BB5B52B16F48B00A49CFF /* SceneDelegate.swift */,
				1A208B8A2B204F20000E45D2 /* Model */,
				1A208B8C2B204F4C000E45D2 /* View */,
				1A208B8B2B204F2C000E45D2 /* Controller */,
				1A6BB5B92B16F48B00A49CFF /* Main.storyboard */,
				1A6BB5BE2B16F48C00A49CFF /* LaunchScreen.storyboard */,
				1A6BB5BC2B16F48C00A49CFF /* Assets.xcassets */,
				1A6BB5C12B16F48C00A49CFF /* Info.plist */,
			);
			path = Player;
			sourceTree = "<group>";
		};
		9E0A3C7F522690B1F5BAA415 /* Frameworks */ = {
			isa = PBXGroup;
			children = (
				78897D0229C9999839C59676 /* Pods_Player.framework */,
			);
			name = Frameworks;
			sourceTree = "<group>";
		};
		DFAD55E8D92D8FF17D47C5D5 /* Pods */ = {
			isa = PBXGroup;
			children = (
				1573006AEC381B78861181B8 /* Pods-Player.debug.xcconfig */,
				69DA66D7D6613322ED019D00 /* Pods-Player.release.xcconfig */,
			);
			path = Pods;
			sourceTree = "<group>";
		};
/* End PBXGroup section */

/* Begin PBXNativeTarget section */
		1A6BB5AF2B16F48B00A49CFF /* Player */ = {
			isa = PBXNativeTarget;
			buildConfigurationList = 1A6BB5C42B16F48C00A49CFF /* Build configuration list for PBXNativeTarget "Player" */;
			buildPhases = (
				35B4F9D8816EB4A77E11C728 /* [CP] Check Pods Manifest.lock */,
				1A6BB5AC2B16F48B00A49CFF /* Sources */,
				1A6BB5AD2B16F48B00A49CFF /* Frameworks */,
				1A6BB5AE2B16F48B00A49CFF /* Resources */,
				6239E04DD67F7BE8C79C2E61 /* [CP] Embed Pods Frameworks */,
			);
			buildRules = (
			);
			dependencies = (
			);
			name = Player;
			productName = Player;
			productReference = 1A6BB5B02B16F48B00A49CFF /* Player.app */;
			productType = "com.apple.product-type.application";
		};
/* End PBXNativeTarget section */

/* Begin PBXProject section */
		1A6BB5A82B16F48B00A49CFF /* Project object */ = {
			isa = PBXProject;
			attributes = {
				BuildIndependentTargetsInParallel = 1;
				LastSwiftUpdateCheck = 1420;
				LastUpgradeCheck = 1420;
				TargetAttributes = {
					1A6BB5AF2B16F48B00A49CFF = {
						CreatedOnToolsVersion = 14.2;
					};
				};
			};
			buildConfigurationList = 1A6BB5AB2B16F48B00A49CFF /* Build configuration list for PBXProject "Player" */;
			compatibilityVersion = "Xcode 14.0";
			developmentRegion = en;
			hasScannedForEncodings = 0;
			knownRegions = (
				en,
				Base,
			);
			mainGroup = 1A6BB5A72B16F48B00A49CFF;
			productRefGroup = 1A6BB5B12B16F48B00A49CFF /* Products */;
			projectDirPath = "";
			projectRoot = "";
			targets = (
				1A6BB5AF2B16F48B00A49CFF /* Player */,
			);
		};
/* End PBXProject section */

/* Begin PBXResourcesBuildPhase section */
		1A6BB5AE2B16F48B00A49CFF /* Resources */ = {
			isa = PBXResourcesBuildPhase;
			buildActionMask = 2147483647;
			files = (
				1A6BB5C02B16F48C00A49CFF /* LaunchScreen.storyboard in Resources */,
				1A726B582B304D6B0038C67E /* BottomSheetSubtitlesTableViewCell.xib in Resources */,
				1A208B902B204F82000E45D2 /* SubtitlesTableViewCell.xib in Resources */,
				1A6BB5BD2B16F48C00A49CFF /* Assets.xcassets in Resources */,
				1A6BB5BB2B16F48B00A49CFF /* Main.storyboard in Resources */,
			);
			runOnlyForDeploymentPostprocessing = 0;
		};
/* End PBXResourcesBuildPhase section */

/* Begin PBXShellScriptBuildPhase section */
		35B4F9D8816EB4A77E11C728 /* [CP] Check Pods Manifest.lock */ = {
			isa = PBXShellScriptBuildPhase;
			buildActionMask = 2147483647;
			files = (
			);
			inputFileListPaths = (
			);
			inputPaths = (
				"${PODS_PODFILE_DIR_PATH}/Podfile.lock",
				"${PODS_ROOT}/Manifest.lock",
			);
			name = "[CP] Check Pods Manifest.lock";
			outputFileListPaths = (
			);
			outputPaths = (
				"$(DERIVED_FILE_DIR)/Pods-Player-checkManifestLockResult.txt",
			);
			runOnlyForDeploymentPostprocessing = 0;
			shellPath = /bin/sh;
			shellScript = "diff \"${PODS_PODFILE_DIR_PATH}/Podfile.lock\" \"${PODS_ROOT}/Manifest.lock\" > /dev/null\nif [ $? != 0 ] ; then\n    # print error to STDERR\n    echo \"error: The sandbox is not in sync with the Podfile.lock. Run 'pod install' or update your CocoaPods installation.\" >&2\n    exit 1\nfi\n# This output is used by Xcode 'outputs' to avoid re-running this script phase.\necho \"SUCCESS\" > \"${SCRIPT_OUTPUT_FILE_0}\"\n";
			showEnvVarsInLog = 0;
		};
		6239E04DD67F7BE8C79C2E61 /* [CP] Embed Pods Frameworks */ = {
			isa = PBXShellScriptBuildPhase;
			buildActionMask = 2147483647;
			files = (
			);
			inputFileListPaths = (
				"${PODS_ROOT}/Target Support Files/Pods-Player/Pods-Player-frameworks-${CONFIGURATION}-input-files.xcfilelist",
			);
			name = "[CP] Embed Pods Frameworks";
			outputFileListPaths = (
				"${PODS_ROOT}/Target Support Files/Pods-Player/Pods-Player-frameworks-${CONFIGURATION}-output-files.xcfilelist",
			);
			runOnlyForDeploymentPostprocessing = 0;
			shellPath = /bin/sh;
			shellScript = "\"${PODS_ROOT}/Target Support Files/Pods-Player/Pods-Player-frameworks.sh\"\n";
			showEnvVarsInLog = 0;
		};
/* End PBXShellScriptBuildPhase section */

/* Begin PBXSourcesBuildPhase section */
		1A6BB5AC2B16F48B00A49CFF /* Sources */ = {
			isa = PBXSourcesBuildPhase;
			buildActionMask = 2147483647;
			files = (
				1A208B8F2B204F82000E45D2 /* SubtitlesTableViewCell.swift in Sources */,
				1A069A742B2F1B1A00C13160 /* ViewControllerPopUp.swift in Sources */,
				1A67811A2B1DA3E100B2A9F7 /* ViewControllerTest.swift in Sources */,
				1A5D20DA2B2B087C0035B6B8 /* ViewControllerParseTest.swift in Sources */,
				1A4D5E592B2723FD00DCCC45 /* ViewController3.swift in Sources */,
				1A6BB5B82B16F48B00A49CFF /* ViewController.swift in Sources */,
				1AE4B0492B282DCC00F25FBC /* ViewController4.swift in Sources */,
				1A924F482B1C48A9003C274D /* ViewController2.swift in Sources */,
				1A6BB5B42B16F48B00A49CFF /* AppDelegate.swift in Sources */,
				1A865A382B1F2D59002F066B /* Subtitle.swift in Sources */,
				1A726B572B304D6B0038C67E /* BottomSheetSubtitlesTableViewCell.swift in Sources */,
				1A6BB5B62B16F48B00A49CFF /* SceneDelegate.swift in Sources */,
			);
			runOnlyForDeploymentPostprocessing = 0;
		};
/* End PBXSourcesBuildPhase section */

/* Begin PBXVariantGroup section */
		1A6BB5B92B16F48B00A49CFF /* Main.storyboard */ = {
			isa = PBXVariantGroup;
			children = (
				1A6BB5BA2B16F48B00A49CFF /* Base */,
			);
			name = Main.storyboard;
			sourceTree = "<group>";
		};
		1A6BB5BE2B16F48C00A49CFF /* LaunchScreen.storyboard */ = {
			isa = PBXVariantGroup;
			children = (
				1A6BB5BF2B16F48C00A49CFF /* Base */,
			);
			name = LaunchScreen.storyboard;
			sourceTree = "<group>";
		};
/* End PBXVariantGroup section */

/* Begin XCBuildConfiguration section */
		1A6BB5C22B16F48C00A49CFF /* Debug */ = {
			isa = XCBuildConfiguration;
			buildSettings = {
				ALWAYS_SEARCH_USER_PATHS = NO;
				CLANG_ANALYZER_NONNULL = YES;
				CLANG_ANALYZER_NUMBER_OBJECT_CONVERSION = YES_AGGRESSIVE;
				CLANG_CXX_LANGUAGE_STANDARD = "gnu++20";
				CLANG_ENABLE_MODULES = YES;
				CLANG_ENABLE_OBJC_ARC = YES;
				CLANG_ENABLE_OBJC_WEAK = YES;
				CLANG_WARN_BLOCK_CAPTURE_AUTORELEASING = YES;
				CLANG_WARN_BOOL_CONVERSION = YES;
				CLANG_WARN_COMMA = YES;
				CLANG_WARN_CONSTANT_CONVERSION = YES;
				CLANG_WARN_DEPRECATED_OBJC_IMPLEMENTATIONS = YES;
				CLANG_WARN_DIRECT_OBJC_ISA_USAGE = YES_ERROR;
				CLANG_WARN_DOCUMENTATION_COMMENTS = YES;
				CLANG_WARN_EMPTY_BODY = YES;
				CLANG_WARN_ENUM_CONVERSION = YES;
				CLANG_WARN_INFINITE_RECURSION = YES;
				CLANG_WARN_INT_CONVERSION = YES;
				CLANG_WARN_NON_LITERAL_NULL_CONVERSION = YES;
				CLANG_WARN_OBJC_IMPLICIT_RETAIN_SELF = YES;
				CLANG_WARN_OBJC_LITERAL_CONVERSION = YES;
				CLANG_WARN_OBJC_ROOT_CLASS = YES_ERROR;
				CLANG_WARN_QUOTED_INCLUDE_IN_FRAMEWORK_HEADER = YES;
				CLANG_WARN_RANGE_LOOP_ANALYSIS = YES;
				CLANG_WARN_STRICT_PROTOTYPES = YES;
				CLANG_WARN_SUSPICIOUS_MOVE = YES;
				CLANG_WARN_UNGUARDED_AVAILABILITY = YES_AGGRESSIVE;
				CLANG_WARN_UNREACHABLE_CODE = YES;
				CLANG_WARN__DUPLICATE_METHOD_MATCH = YES;
				COPY_PHASE_STRIP = NO;
				DEBUG_INFORMATION_FORMAT = dwarf;
				ENABLE_STRICT_OBJC_MSGSEND = YES;
				ENABLE_TESTABILITY = YES;
				GCC_C_LANGUAGE_STANDARD = gnu11;
				GCC_DYNAMIC_NO_PIC = NO;
				GCC_NO_COMMON_BLOCKS = YES;
				GCC_OPTIMIZATION_LEVEL = 0;
				GCC_PREPROCESSOR_DEFINITIONS = (
					"DEBUG=1",
					"$(inherited)",
				);
				GCC_WARN_64_TO_32_BIT_CONVERSION = YES;
				GCC_WARN_ABOUT_RETURN_TYPE = YES_ERROR;
				GCC_WARN_UNDECLARED_SELECTOR = YES;
				GCC_WARN_UNINITIALIZED_AUTOS = YES_AGGRESSIVE;
				GCC_WARN_UNUSED_FUNCTION = YES;
				GCC_WARN_UNUSED_VARIABLE = YES;
				IPHONEOS_DEPLOYMENT_TARGET = 16.2;
				MTL_ENABLE_DEBUG_INFO = INCLUDE_SOURCE;
				MTL_FAST_MATH = YES;
				ONLY_ACTIVE_ARCH = YES;
				SDKROOT = iphoneos;
				SWIFT_ACTIVE_COMPILATION_CONDITIONS = DEBUG;
				SWIFT_OPTIMIZATION_LEVEL = "-Onone";
			};
			name = Debug;
		};
		1A6BB5C32B16F48C00A49CFF /* Release */ = {
			isa = XCBuildConfiguration;
			buildSettings = {
				ALWAYS_SEARCH_USER_PATHS = NO;
				CLANG_ANALYZER_NONNULL = YES;
				CLANG_ANALYZER_NUMBER_OBJECT_CONVERSION = YES_AGGRESSIVE;
				CLANG_CXX_LANGUAGE_STANDARD = "gnu++20";
				CLANG_ENABLE_MODULES = YES;
				CLANG_ENABLE_OBJC_ARC = YES;
				CLANG_ENABLE_OBJC_WEAK = YES;
				CLANG_WARN_BLOCK_CAPTURE_AUTORELEASING = YES;
				CLANG_WARN_BOOL_CONVERSION = YES;
				CLANG_WARN_COMMA = YES;
				CLANG_WARN_CONSTANT_CONVERSION = YES;
				CLANG_WARN_DEPRECATED_OBJC_IMPLEMENTATIONS = YES;
				CLANG_WARN_DIRECT_OBJC_ISA_USAGE = YES_ERROR;
				CLANG_WARN_DOCUMENTATION_COMMENTS = YES;
				CLANG_WARN_EMPTY_BODY = YES;
				CLANG_WARN_ENUM_CONVERSION = YES;
				CLANG_WARN_INFINITE_RECURSION = YES;
				CLANG_WARN_INT_CONVERSION = YES;
				CLANG_WARN_NON_LITERAL_NULL_CONVERSION = YES;
				CLANG_WARN_OBJC_IMPLICIT_RETAIN_SELF = YES;
				CLANG_WARN_OBJC_LITERAL_CONVERSION = YES;
				CLANG_WARN_OBJC_ROOT_CLASS = YES_ERROR;
				CLANG_WARN_QUOTED_INCLUDE_IN_FRAMEWORK_HEADER = YES;
				CLANG_WARN_RANGE_LOOP_ANALYSIS = YES;
				CLANG_WARN_STRICT_PROTOTYPES = YES;
				CLANG_WARN_SUSPICIOUS_MOVE = YES;
				CLANG_WARN_UNGUARDED_AVAILABILITY = YES_AGGRESSIVE;
				CLANG_WARN_UNREACHABLE_CODE = YES;
				CLANG_WARN__DUPLICATE_METHOD_MATCH = YES;
				COPY_PHASE_STRIP = NO;
				DEBUG_INFORMATION_FORMAT = "dwarf-with-dsym";
				ENABLE_NS_ASSERTIONS = NO;
				ENABLE_STRICT_OBJC_MSGSEND = YES;
				GCC_C_LANGUAGE_STANDARD = gnu11;
				GCC_NO_COMMON_BLOCKS = YES;
				GCC_WARN_64_TO_32_BIT_CONVERSION = YES;
				GCC_WARN_ABOUT_RETURN_TYPE = YES_ERROR;
				GCC_WARN_UNDECLARED_SELECTOR = YES;
				GCC_WARN_UNINITIALIZED_AUTOS = YES_AGGRESSIVE;
				GCC_WARN_UNUSED_FUNCTION = YES;
				GCC_WARN_UNUSED_VARIABLE = YES;
				IPHONEOS_DEPLOYMENT_TARGET = 16.2;
				MTL_ENABLE_DEBUG_INFO = NO;
				MTL_FAST_MATH = YES;
				SDKROOT = iphoneos;
				SWIFT_COMPILATION_MODE = wholemodule;
				SWIFT_OPTIMIZATION_LEVEL = "-O";
				VALIDATE_PRODUCT = YES;
			};
			name = Release;
		};
		1A6BB5C52B16F48C00A49CFF /* Debug */ = {
			isa = XCBuildConfiguration;
			baseConfigurationReference = 1573006AEC381B78861181B8 /* Pods-Player.debug.xcconfig */;
			buildSettings = {
				ASSETCATALOG_COMPILER_APPICON_NAME = AppIcon;
				ASSETCATALOG_COMPILER_GLOBAL_ACCENT_COLOR_NAME = AccentColor;
				CODE_SIGN_STYLE = Automatic;
				CURRENT_PROJECT_VERSION = 1;
				DEVELOPMENT_TEAM = 29LU69NC29;
				GENERATE_INFOPLIST_FILE = YES;
				INFOPLIST_FILE = Player/Info.plist;
				INFOPLIST_KEY_UIApplicationSupportsIndirectInputEvents = YES;
				INFOPLIST_KEY_UILaunchStoryboardName = LaunchScreen;
				INFOPLIST_KEY_UIMainStoryboardFile = Main;
				INFOPLIST_KEY_UISupportedInterfaceOrientations = UIInterfaceOrientationPortrait;
				INFOPLIST_KEY_UISupportedInterfaceOrientations_iPad = "UIInterfaceOrientationLandscapeLeft UIInterfaceOrientationLandscapeRight UIInterfaceOrientationPortrait UIInterfaceOrientationPortraitUpsideDown";
				LD_RUNPATH_SEARCH_PATHS = (
					"$(inherited)",
					"@executable_path/Frameworks",
				);
				MARKETING_VERSION = 1.0;
				PRODUCT_BUNDLE_IDENTIFIER = com.sadi.Player;
				PRODUCT_NAME = "$(TARGET_NAME)";
				SWIFT_EMIT_LOC_STRINGS = YES;
				SWIFT_VERSION = 5.0;
				TARGETED_DEVICE_FAMILY = "1,2";
			};
			name = Debug;
		};
		1A6BB5C62B16F48C00A49CFF /* Release */ = {
			isa = XCBuildConfiguration;
			baseConfigurationReference = 69DA66D7D6613322ED019D00 /* Pods-Player.release.xcconfig */;
			buildSettings = {
				ASSETCATALOG_COMPILER_APPICON_NAME = AppIcon;
				ASSETCATALOG_COMPILER_GLOBAL_ACCENT_COLOR_NAME = AccentColor;
				CODE_SIGN_STYLE = Automatic;
				CURRENT_PROJECT_VERSION = 1;
				DEVELOPMENT_TEAM = 29LU69NC29;
				GENERATE_INFOPLIST_FILE = YES;
				INFOPLIST_FILE = Player/Info.plist;
				INFOPLIST_KEY_UIApplicationSupportsIndirectInputEvents = YES;
				INFOPLIST_KEY_UILaunchStoryboardName = LaunchScreen;
				INFOPLIST_KEY_UIMainStoryboardFile = Main;
				INFOPLIST_KEY_UISupportedInterfaceOrientations = UIInterfaceOrientationPortrait;
				INFOPLIST_KEY_UISupportedInterfaceOrientations_iPad = "UIInterfaceOrientationLandscapeLeft UIInterfaceOrientationLandscapeRight UIInterfaceOrientationPortrait UIInterfaceOrientationPortraitUpsideDown";
				LD_RUNPATH_SEARCH_PATHS = (
					"$(inherited)",
					"@executable_path/Frameworks",
				);
				MARKETING_VERSION = 1.0;
				PRODUCT_BUNDLE_IDENTIFIER = com.sadi.Player;
				PRODUCT_NAME = "$(TARGET_NAME)";
				SWIFT_EMIT_LOC_STRINGS = YES;
				SWIFT_VERSION = 5.0;
				TARGETED_DEVICE_FAMILY = "1,2";
			};
			name = Release;
		};
/* End XCBuildConfiguration section */

/* Begin XCConfigurationList section */
		1A6BB5AB2B16F48B00A49CFF /* Build configuration list for PBXProject "Player" */ = {
			isa = XCConfigurationList;
			buildConfigurations = (
				1A6BB5C22B16F48C00A49CFF /* Debug */,
				1A6BB5C32B16F48C00A49CFF /* Release */,
			);
			defaultConfigurationIsVisible = 0;
			defaultConfigurationName = Release;
		};
		1A6BB5C42B16F48C00A49CFF /* Build configuration list for PBXNativeTarget "Player" */ = {
			isa = XCConfigurationList;
			buildConfigurations = (
				1A6BB5C52B16F48C00A49CFF /* Debug */,
				1A6BB5C62B16F48C00A49CFF /* Release */,
			);
			defaultConfigurationIsVisible = 0;
			defaultConfigurationName = Release;
		};
/* End XCConfigurationList section */
	};
	rootObject = 1A6BB5A82B16F48B00A49CFF /* Project object */;
}
